// !$*UTF8*$!
{
	archiveVersion = 1;
	classes = {
	};
	objectVersion = 55;
	objects = {

/* Begin PBXBuildFile section */
		555FA915278BB56100816B36 /* NativeType+Constants.swift in Sources */ = {isa = PBXBuildFile; fileRef = 555FA914278BB56100816B36 /* NativeType+Constants.swift */; };
		555FA917278BB5B600816B36 /* Localizable.swift in Sources */ = {isa = PBXBuildFile; fileRef = 555FA916278BB5B600816B36 /* Localizable.swift */; };
		555FA919278BB6B200816B36 /* DSHome.swift in Sources */ = {isa = PBXBuildFile; fileRef = 555FA918278BB6B200816B36 /* DSHome.swift */; };
		555FA91B278BB81F00816B36 /* DSOperationForm.swift in Sources */ = {isa = PBXBuildFile; fileRef = 555FA91A278BB81F00816B36 /* DSOperationForm.swift */; };
		555FA91D278BBA3000816B36 /* DSCornerRadius.swift in Sources */ = {isa = PBXBuildFile; fileRef = 555FA91C278BBA3000816B36 /* DSCornerRadius.swift */; };
		555FA923278BBC4200816B36 /* UIApplication+endEditing.swift in Sources */ = {isa = PBXBuildFile; fileRef = 555FA922278BBC4200816B36 /* UIApplication+endEditing.swift */; };
		556DEE26278B63E100CBFF5C /* CharlesApp.swift in Sources */ = {isa = PBXBuildFile; fileRef = 556DEE25278B63E100CBFF5C /* CharlesApp.swift */; };
		556DEE2A278B63E200CBFF5C /* Assets.xcassets in Resources */ = {isa = PBXBuildFile; fileRef = 556DEE29278B63E200CBFF5C /* Assets.xcassets */; };
		556DEE2D278B63E200CBFF5C /* Preview Assets.xcassets in Resources */ = {isa = PBXBuildFile; fileRef = 556DEE2C278B63E200CBFF5C /* Preview Assets.xcassets */; };
		556DEE37278B63E200CBFF5C /* CharlesTests.swift in Sources */ = {isa = PBXBuildFile; fileRef = 556DEE36278B63E200CBFF5C /* CharlesTests.swift */; };
		556DEE57278B64A700CBFF5C /* HomeView.swift in Sources */ = {isa = PBXBuildFile; fileRef = 556DEE56278B64A700CBFF5C /* HomeView.swift */; };
		556DEE59278B64AD00CBFF5C /* HomeViewModel.swift in Sources */ = {isa = PBXBuildFile; fileRef = 556DEE58278B64AD00CBFF5C /* HomeViewModel.swift */; };
		556DEE63278B666900CBFF5C /* DSFont.swift in Sources */ = {isa = PBXBuildFile; fileRef = 556DEE60278B666900CBFF5C /* DSFont.swift */; };
		556DEE64278B666900CBFF5C /* DSColor.swift in Sources */ = {isa = PBXBuildFile; fileRef = 556DEE61278B666900CBFF5C /* DSColor.swift */; };
		556DEE65278B666900CBFF5C /* DesignSystem.swift in Sources */ = {isa = PBXBuildFile; fileRef = 556DEE62278B666900CBFF5C /* DesignSystem.swift */; };
		556DEE68278B676500CBFF5C /* DSSpace.swift in Sources */ = {isa = PBXBuildFile; fileRef = 556DEE67278B676500CBFF5C /* DSSpace.swift */; };
		556DEE6A278B698000CBFF5C /* ImageAsset.swift in Sources */ = {isa = PBXBuildFile; fileRef = 556DEE69278B698000CBFF5C /* ImageAsset.swift */; };
		556DEE6D278B730200CBFF5C /* DSInputTextField.swift in Sources */ = {isa = PBXBuildFile; fileRef = 556DEE6C278B730200CBFF5C /* DSInputTextField.swift */; };
		556DEE71278B7A6100CBFF5C /* OperationFormView.swift in Sources */ = {isa = PBXBuildFile; fileRef = 556DEE70278B7A6100CBFF5C /* OperationFormView.swift */; };
		556DEE73278B7A7D00CBFF5C /* OperationFormViewModel.swift in Sources */ = {isa = PBXBuildFile; fileRef = 556DEE72278B7A7D00CBFF5C /* OperationFormViewModel.swift */; };
		556DEE78278B7E3700CBFF5C /* View+Placeholder.swift in Sources */ = {isa = PBXBuildFile; fileRef = 556DEE77278B7E3700CBFF5C /* View+Placeholder.swift */; };
		55B6BC48278B8D8500B421AE /* HomeCoordinator.swift in Sources */ = {isa = PBXBuildFile; fileRef = 55B6BC47278B8D8500B421AE /* HomeCoordinator.swift */; };
		55B6BC4A278B8D8F00B421AE /* OperationFormCoordinator.swift in Sources */ = {isa = PBXBuildFile; fileRef = 55B6BC49278B8D8F00B421AE /* OperationFormCoordinator.swift */; };
		55CA2DD2278BA17F00004892 /* DSButton.swift in Sources */ = {isa = PBXBuildFile; fileRef = 55CA2DD1278BA17F00004892 /* DSButton.swift */; };
		55CA2DD6278BA5A700004892 /* DSShadow.swift in Sources */ = {isa = PBXBuildFile; fileRef = 55CA2DD5278BA5A700004892 /* DSShadow.swift */; };
/* End PBXBuildFile section */

/* Begin PBXContainerItemProxy section */
		556DEE33278B63E200CBFF5C /* PBXContainerItemProxy */ = {
			isa = PBXContainerItemProxy;
			containerPortal = 556DEE1A278B63E100CBFF5C /* Project object */;
			proxyType = 1;
			remoteGlobalIDString = 556DEE21278B63E100CBFF5C;
			remoteInfo = Charles;
		};
/* End PBXContainerItemProxy section */

/* Begin PBXFileReference section */
		555FA914278BB56100816B36 /* NativeType+Constants.swift */ = {isa = PBXFileReference; lastKnownFileType = sourcecode.swift; path = "NativeType+Constants.swift"; sourceTree = "<group>"; };
		555FA916278BB5B600816B36 /* Localizable.swift */ = {isa = PBXFileReference; lastKnownFileType = sourcecode.swift; path = Localizable.swift; sourceTree = "<group>"; };
		555FA918278BB6B200816B36 /* DSHome.swift */ = {isa = PBXFileReference; lastKnownFileType = sourcecode.swift; path = DSHome.swift; sourceTree = "<group>"; };
		555FA91A278BB81F00816B36 /* DSOperationForm.swift */ = {isa = PBXFileReference; lastKnownFileType = sourcecode.swift; path = DSOperationForm.swift; sourceTree = "<group>"; };
		555FA91C278BBA3000816B36 /* DSCornerRadius.swift */ = {isa = PBXFileReference; lastKnownFileType = sourcecode.swift; path = DSCornerRadius.swift; sourceTree = "<group>"; };
		555FA922278BBC4200816B36 /* UIApplication+endEditing.swift */ = {isa = PBXFileReference; lastKnownFileType = sourcecode.swift; path = "UIApplication+endEditing.swift"; sourceTree = "<group>"; };
		556DEE22278B63E100CBFF5C /* Charles.app */ = {isa = PBXFileReference; explicitFileType = wrapper.application; includeInIndex = 0; path = Charles.app; sourceTree = BUILT_PRODUCTS_DIR; };
		556DEE25278B63E100CBFF5C /* CharlesApp.swift */ = {isa = PBXFileReference; lastKnownFileType = sourcecode.swift; path = CharlesApp.swift; sourceTree = "<group>"; };
		556DEE29278B63E200CBFF5C /* Assets.xcassets */ = {isa = PBXFileReference; lastKnownFileType = folder.assetcatalog; path = Assets.xcassets; sourceTree = "<group>"; };
		556DEE2C278B63E200CBFF5C /* Preview Assets.xcassets */ = {isa = PBXFileReference; lastKnownFileType = folder.assetcatalog; path = "Preview Assets.xcassets"; sourceTree = "<group>"; };
		556DEE32278B63E200CBFF5C /* CharlesTests.xctest */ = {isa = PBXFileReference; explicitFileType = wrapper.cfbundle; includeInIndex = 0; path = CharlesTests.xctest; sourceTree = BUILT_PRODUCTS_DIR; };
		556DEE36278B63E200CBFF5C /* CharlesTests.swift */ = {isa = PBXFileReference; lastKnownFileType = sourcecode.swift; path = CharlesTests.swift; sourceTree = "<group>"; };
		556DEE56278B64A700CBFF5C /* HomeView.swift */ = {isa = PBXFileReference; lastKnownFileType = sourcecode.swift; path = HomeView.swift; sourceTree = "<group>"; };
		556DEE58278B64AD00CBFF5C /* HomeViewModel.swift */ = {isa = PBXFileReference; lastKnownFileType = sourcecode.swift; path = HomeViewModel.swift; sourceTree = "<group>"; };
		556DEE60278B666900CBFF5C /* DSFont.swift */ = {isa = PBXFileReference; fileEncoding = 4; lastKnownFileType = sourcecode.swift; path = DSFont.swift; sourceTree = "<group>"; };
		556DEE61278B666900CBFF5C /* DSColor.swift */ = {isa = PBXFileReference; fileEncoding = 4; lastKnownFileType = sourcecode.swift; path = DSColor.swift; sourceTree = "<group>"; };
		556DEE62278B666900CBFF5C /* DesignSystem.swift */ = {isa = PBXFileReference; fileEncoding = 4; lastKnownFileType = sourcecode.swift; path = DesignSystem.swift; sourceTree = "<group>"; };
		556DEE67278B676500CBFF5C /* DSSpace.swift */ = {isa = PBXFileReference; lastKnownFileType = sourcecode.swift; path = DSSpace.swift; sourceTree = "<group>"; };
		556DEE69278B698000CBFF5C /* ImageAsset.swift */ = {isa = PBXFileReference; lastKnownFileType = sourcecode.swift; path = ImageAsset.swift; sourceTree = "<group>"; };
		556DEE6C278B730200CBFF5C /* DSInputTextField.swift */ = {isa = PBXFileReference; lastKnownFileType = sourcecode.swift; path = DSInputTextField.swift; sourceTree = "<group>"; };
		556DEE70278B7A6100CBFF5C /* OperationFormView.swift */ = {isa = PBXFileReference; lastKnownFileType = sourcecode.swift; path = OperationFormView.swift; sourceTree = "<group>"; };
		556DEE72278B7A7D00CBFF5C /* OperationFormViewModel.swift */ = {isa = PBXFileReference; lastKnownFileType = sourcecode.swift; path = OperationFormViewModel.swift; sourceTree = "<group>"; };
		556DEE77278B7E3700CBFF5C /* View+Placeholder.swift */ = {isa = PBXFileReference; lastKnownFileType = sourcecode.swift; path = "View+Placeholder.swift"; sourceTree = "<group>"; };
		55B6BC47278B8D8500B421AE /* HomeCoordinator.swift */ = {isa = PBXFileReference; lastKnownFileType = sourcecode.swift; path = HomeCoordinator.swift; sourceTree = "<group>"; };
		55B6BC49278B8D8F00B421AE /* OperationFormCoordinator.swift */ = {isa = PBXFileReference; lastKnownFileType = sourcecode.swift; path = OperationFormCoordinator.swift; sourceTree = "<group>"; };
		55CA2DD1278BA17F00004892 /* DSButton.swift */ = {isa = PBXFileReference; lastKnownFileType = sourcecode.swift; path = DSButton.swift; sourceTree = "<group>"; };
		55CA2DD5278BA5A700004892 /* DSShadow.swift */ = {isa = PBXFileReference; lastKnownFileType = sourcecode.swift; path = DSShadow.swift; sourceTree = "<group>"; };
/* End PBXFileReference section */

/* Begin PBXFrameworksBuildPhase section */
		556DEE1F278B63E100CBFF5C /* Frameworks */ = {
			isa = PBXFrameworksBuildPhase;
			buildActionMask = 2147483647;
			files = (
			);
			runOnlyForDeploymentPostprocessing = 0;
		};
		556DEE2F278B63E200CBFF5C /* Frameworks */ = {
			isa = PBXFrameworksBuildPhase;
			buildActionMask = 2147483647;
			files = (
			);
			runOnlyForDeploymentPostprocessing = 0;
		};
/* End PBXFrameworksBuildPhase section */

/* Begin PBXGroup section */
		555FA921278BBC2800816B36 /* Extensions */ = {
			isa = PBXGroup;
			children = (
				555FA922278BBC4200816B36 /* UIApplication+endEditing.swift */,
			);
			path = Extensions;
			sourceTree = "<group>";
		};
		556DEE19278B63E100CBFF5C = {
			isa = PBXGroup;
			children = (
				556DEE24278B63E100CBFF5C /* Charles */,
				556DEE35278B63E200CBFF5C /* CharlesTests */,
				556DEE23278B63E100CBFF5C /* Products */,
			);
			sourceTree = "<group>";
		};
		556DEE23278B63E100CBFF5C /* Products */ = {
			isa = PBXGroup;
			children = (
				556DEE22278B63E100CBFF5C /* Charles.app */,
				556DEE32278B63E200CBFF5C /* CharlesTests.xctest */,
			);
			name = Products;
			sourceTree = "<group>";
		};
		556DEE24278B63E100CBFF5C /* Charles */ = {
			isa = PBXGroup;
			children = (
				556DEE25278B63E100CBFF5C /* CharlesApp.swift */,
				556DEE5E278B666900CBFF5C /* Common */,
				55B6BC46278B8D7600B421AE /* Coordinators */,
				556DEE50278B642F00CBFF5C /* Modules */,
				556DEE4F278B642600CBFF5C /* Supporting Files */,
				556DEE2B278B63E200CBFF5C /* Preview Content */,
			);
			path = Charles;
			sourceTree = "<group>";
		};
		556DEE2B278B63E200CBFF5C /* Preview Content */ = {
			isa = PBXGroup;
			children = (
				556DEE2C278B63E200CBFF5C /* Preview Assets.xcassets */,
			);
			path = "Preview Content";
			sourceTree = "<group>";
		};
		556DEE35278B63E200CBFF5C /* CharlesTests */ = {
			isa = PBXGroup;
			children = (
				556DEE36278B63E200CBFF5C /* CharlesTests.swift */,
			);
			path = CharlesTests;
			sourceTree = "<group>";
		};
		556DEE4F278B642600CBFF5C /* Supporting Files */ = {
			isa = PBXGroup;
			children = (
				555FA916278BB5B600816B36 /* Localizable.swift */,
				556DEE69278B698000CBFF5C /* ImageAsset.swift */,
				556DEE29278B63E200CBFF5C /* Assets.xcassets */,
			);
			path = "Supporting Files";
			sourceTree = "<group>";
		};
		556DEE50278B642F00CBFF5C /* Modules */ = {
			isa = PBXGroup;
			children = (
				556DEE51278B643B00CBFF5C /* Home */,
				556DEE6E278B79DF00CBFF5C /* Operation Form */,
			);
			path = Modules;
			sourceTree = "<group>";
		};
		556DEE51278B643B00CBFF5C /* Home */ = {
			isa = PBXGroup;
			children = (
				556DEE52278B644C00CBFF5C /* UI */,
			);
			path = Home;
			sourceTree = "<group>";
		};
		556DEE52278B644C00CBFF5C /* UI */ = {
			isa = PBXGroup;
			children = (
				556DEE56278B64A700CBFF5C /* HomeView.swift */,
				556DEE58278B64AD00CBFF5C /* HomeViewModel.swift */,
				555FA918278BB6B200816B36 /* DSHome.swift */,
			);
			path = UI;
			sourceTree = "<group>";
		};
		556DEE5E278B666900CBFF5C /* Common */ = {
			isa = PBXGroup;
			children = (
				555FA921278BBC2800816B36 /* Extensions */,
				556DEE5F278B666900CBFF5C /* DesignSystem */,
			);
			path = Common;
			sourceTree = "<group>";
		};
		556DEE5F278B666900CBFF5C /* DesignSystem */ = {
			isa = PBXGroup;
			children = (
				556DEE7A278B871400CBFF5C /* Components */,
				556DEE79278B870500CBFF5C /* Constants */,
			);
			path = DesignSystem;
			sourceTree = "<group>";
		};
		556DEE6E278B79DF00CBFF5C /* Operation Form */ = {
			isa = PBXGroup;
			children = (
				556DEE6F278B7A5400CBFF5C /* UI */,
			);
			path = "Operation Form";
			sourceTree = "<group>";
		};
		556DEE6F278B7A5400CBFF5C /* UI */ = {
			isa = PBXGroup;
			children = (
				556DEE70278B7A6100CBFF5C /* OperationFormView.swift */,
				556DEE72278B7A7D00CBFF5C /* OperationFormViewModel.swift */,
				555FA91A278BB81F00816B36 /* DSOperationForm.swift */,
			);
			path = UI;
			sourceTree = "<group>";
		};
		556DEE74278B7E1800CBFF5C /* InputTextField */ = {
			isa = PBXGroup;
			children = (
				556DEE6C278B730200CBFF5C /* DSInputTextField.swift */,
			);
			path = InputTextField;
			sourceTree = "<group>";
		};
		556DEE76278B7E2B00CBFF5C /* Extensions */ = {
			isa = PBXGroup;
			children = (
				556DEE77278B7E3700CBFF5C /* View+Placeholder.swift */,
				555FA914278BB56100816B36 /* NativeType+Constants.swift */,
			);
			path = Extensions;
			sourceTree = "<group>";
		};
		556DEE79278B870500CBFF5C /* Constants */ = {
			isa = PBXGroup;
			children = (
				555FA91C278BBA3000816B36 /* DSCornerRadius.swift */,
				55CA2DD5278BA5A700004892 /* DSShadow.swift */,
				556DEE67278B676500CBFF5C /* DSSpace.swift */,
				556DEE60278B666900CBFF5C /* DSFont.swift */,
				556DEE61278B666900CBFF5C /* DSColor.swift */,
				556DEE62278B666900CBFF5C /* DesignSystem.swift */,
			);
			path = Constants;
			sourceTree = "<group>";
		};
		556DEE7A278B871400CBFF5C /* Components */ = {
			isa = PBXGroup;
			children = (
				556DEE76278B7E2B00CBFF5C /* Extensions */,
				556DEE74278B7E1800CBFF5C /* InputTextField */,
				55CA2DD0278BA15B00004892 /* Button */,
			);
			path = Components;
			sourceTree = "<group>";
		};
		55B6BC46278B8D7600B421AE /* Coordinators */ = {
			isa = PBXGroup;
			children = (
				55B6BC47278B8D8500B421AE /* HomeCoordinator.swift */,
				55B6BC49278B8D8F00B421AE /* OperationFormCoordinator.swift */,
			);
			path = Coordinators;
			sourceTree = "<group>";
		};
		55CA2DD0278BA15B00004892 /* Button */ = {
			isa = PBXGroup;
			children = (
				55CA2DD1278BA17F00004892 /* DSButton.swift */,
			);
			path = Button;
			sourceTree = "<group>";
		};
/* End PBXGroup section */

/* Begin PBXNativeTarget section */
		556DEE21278B63E100CBFF5C /* Charles */ = {
			isa = PBXNativeTarget;
			buildConfigurationList = 556DEE46278B63E200CBFF5C /* Build configuration list for PBXNativeTarget "Charles" */;
			buildPhases = (
				556DEE1E278B63E100CBFF5C /* Sources */,
				556DEE1F278B63E100CBFF5C /* Frameworks */,
				556DEE20278B63E100CBFF5C /* Resources */,
			);
			buildRules = (
			);
			dependencies = (
			);
			name = Charles;
			productName = Charles;
			productReference = 556DEE22278B63E100CBFF5C /* Charles.app */;
			productType = "com.apple.product-type.application";
		};
		556DEE31278B63E200CBFF5C /* CharlesTests */ = {
			isa = PBXNativeTarget;
			buildConfigurationList = 556DEE49278B63E200CBFF5C /* Build configuration list for PBXNativeTarget "CharlesTests" */;
			buildPhases = (
				556DEE2E278B63E200CBFF5C /* Sources */,
				556DEE2F278B63E200CBFF5C /* Frameworks */,
				556DEE30278B63E200CBFF5C /* Resources */,
			);
			buildRules = (
			);
			dependencies = (
				556DEE34278B63E200CBFF5C /* PBXTargetDependency */,
			);
			name = CharlesTests;
			productName = CharlesTests;
			productReference = 556DEE32278B63E200CBFF5C /* CharlesTests.xctest */;
			productType = "com.apple.product-type.bundle.unit-test";
		};
/* End PBXNativeTarget section */

/* Begin PBXProject section */
		556DEE1A278B63E100CBFF5C /* Project object */ = {
			isa = PBXProject;
			attributes = {
				BuildIndependentTargetsInParallel = 1;
				LastSwiftUpdateCheck = 1320;
				LastUpgradeCheck = 1320;
				TargetAttributes = {
					556DEE21278B63E100CBFF5C = {
						CreatedOnToolsVersion = 13.2.1;
					};
					556DEE31278B63E200CBFF5C = {
						CreatedOnToolsVersion = 13.2.1;
						TestTargetID = 556DEE21278B63E100CBFF5C;
					};
				};
			};
			buildConfigurationList = 556DEE1D278B63E100CBFF5C /* Build configuration list for PBXProject "Charles" */;
			compatibilityVersion = "Xcode 13.0";
			developmentRegion = en;
			hasScannedForEncodings = 0;
			knownRegions = (
				en,
				Base,
			);
			mainGroup = 556DEE19278B63E100CBFF5C;
			productRefGroup = 556DEE23278B63E100CBFF5C /* Products */;
			projectDirPath = "";
			projectRoot = "";
			targets = (
				556DEE21278B63E100CBFF5C /* Charles */,
				556DEE31278B63E200CBFF5C /* CharlesTests */,
			);
		};
/* End PBXProject section */

/* Begin PBXResourcesBuildPhase section */
		556DEE20278B63E100CBFF5C /* Resources */ = {
			isa = PBXResourcesBuildPhase;
			buildActionMask = 2147483647;
			files = (
				556DEE2D278B63E200CBFF5C /* Preview Assets.xcassets in Resources */,
				556DEE2A278B63E200CBFF5C /* Assets.xcassets in Resources */,
			);
			runOnlyForDeploymentPostprocessing = 0;
		};
		556DEE30278B63E200CBFF5C /* Resources */ = {
			isa = PBXResourcesBuildPhase;
			buildActionMask = 2147483647;
			files = (
			);
			runOnlyForDeploymentPostprocessing = 0;
		};
/* End PBXResourcesBuildPhase section */

/* Begin PBXSourcesBuildPhase section */
		556DEE1E278B63E100CBFF5C /* Sources */ = {
			isa = PBXSourcesBuildPhase;
			buildActionMask = 2147483647;
			files = (
				555FA91D278BBA3000816B36 /* DSCornerRadius.swift in Sources */,
				555FA91B278BB81F00816B36 /* DSOperationForm.swift in Sources */,
				556DEE71278B7A6100CBFF5C /* OperationFormView.swift in Sources */,
				55CA2DD2278BA17F00004892 /* DSButton.swift in Sources */,
				555FA919278BB6B200816B36 /* DSHome.swift in Sources */,
				556DEE6D278B730200CBFF5C /* DSInputTextField.swift in Sources */,
				556DEE57278B64A700CBFF5C /* HomeView.swift in Sources */,
				55B6BC4A278B8D8F00B421AE /* OperationFormCoordinator.swift in Sources */,
				556DEE78278B7E3700CBFF5C /* View+Placeholder.swift in Sources */,
				55B6BC48278B8D8500B421AE /* HomeCoordinator.swift in Sources */,
				556DEE73278B7A7D00CBFF5C /* OperationFormViewModel.swift in Sources */,
				555FA923278BBC4200816B36 /* UIApplication+endEditing.swift in Sources */,
				556DEE65278B666900CBFF5C /* DesignSystem.swift in Sources */,
				556DEE26278B63E100CBFF5C /* CharlesApp.swift in Sources */,
				556DEE59278B64AD00CBFF5C /* HomeViewModel.swift in Sources */,
				55CA2DD6278BA5A700004892 /* DSShadow.swift in Sources */,
				556DEE63278B666900CBFF5C /* DSFont.swift in Sources */,
				555FA915278BB56100816B36 /* NativeType+Constants.swift in Sources */,
				556DEE68278B676500CBFF5C /* DSSpace.swift in Sources */,
				556DEE6A278B698000CBFF5C /* ImageAsset.swift in Sources */,
				555FA917278BB5B600816B36 /* Localizable.swift in Sources */,
				556DEE64278B666900CBFF5C /* DSColor.swift in Sources */,
			);
			runOnlyForDeploymentPostprocessing = 0;
		};
		556DEE2E278B63E200CBFF5C /* Sources */ = {
			isa = PBXSourcesBuildPhase;
			buildActionMask = 2147483647;
			files = (
				556DEE37278B63E200CBFF5C /* CharlesTests.swift in Sources */,
			);
			runOnlyForDeploymentPostprocessing = 0;
		};
/* End PBXSourcesBuildPhase section */

/* Begin PBXTargetDependency section */
		556DEE34278B63E200CBFF5C /* PBXTargetDependency */ = {
			isa = PBXTargetDependency;
			target = 556DEE21278B63E100CBFF5C /* Charles */;
			targetProxy = 556DEE33278B63E200CBFF5C /* PBXContainerItemProxy */;
		};
/* End PBXTargetDependency section */

/* Begin XCBuildConfiguration section */
		556DEE44278B63E200CBFF5C /* Debug */ = {
			isa = XCBuildConfiguration;
			buildSettings = {
				ALWAYS_SEARCH_USER_PATHS = NO;
				CLANG_ANALYZER_NONNULL = YES;
				CLANG_ANALYZER_NUMBER_OBJECT_CONVERSION = YES_AGGRESSIVE;
				CLANG_CXX_LANGUAGE_STANDARD = "gnu++17";
				CLANG_CXX_LIBRARY = "libc++";
				CLANG_ENABLE_MODULES = YES;
				CLANG_ENABLE_OBJC_ARC = YES;
				CLANG_ENABLE_OBJC_WEAK = YES;
				CLANG_WARN_BLOCK_CAPTURE_AUTORELEASING = YES;
				CLANG_WARN_BOOL_CONVERSION = YES;
				CLANG_WARN_COMMA = YES;
				CLANG_WARN_CONSTANT_CONVERSION = YES;
				CLANG_WARN_DEPRECATED_OBJC_IMPLEMENTATIONS = YES;
				CLANG_WARN_DIRECT_OBJC_ISA_USAGE = YES_ERROR;
				CLANG_WARN_DOCUMENTATION_COMMENTS = YES;
				CLANG_WARN_EMPTY_BODY = YES;
				CLANG_WARN_ENUM_CONVERSION = YES;
				CLANG_WARN_INFINITE_RECURSION = YES;
				CLANG_WARN_INT_CONVERSION = YES;
				CLANG_WARN_NON_LITERAL_NULL_CONVERSION = YES;
				CLANG_WARN_OBJC_IMPLICIT_RETAIN_SELF = YES;
				CLANG_WARN_OBJC_LITERAL_CONVERSION = YES;
				CLANG_WARN_OBJC_ROOT_CLASS = YES_ERROR;
				CLANG_WARN_QUOTED_INCLUDE_IN_FRAMEWORK_HEADER = YES;
				CLANG_WARN_RANGE_LOOP_ANALYSIS = YES;
				CLANG_WARN_STRICT_PROTOTYPES = YES;
				CLANG_WARN_SUSPICIOUS_MOVE = YES;
				CLANG_WARN_UNGUARDED_AVAILABILITY = YES_AGGRESSIVE;
				CLANG_WARN_UNREACHABLE_CODE = YES;
				CLANG_WARN__DUPLICATE_METHOD_MATCH = YES;
				COPY_PHASE_STRIP = NO;
				DEBUG_INFORMATION_FORMAT = dwarf;
				ENABLE_STRICT_OBJC_MSGSEND = YES;
				ENABLE_TESTABILITY = YES;
				GCC_C_LANGUAGE_STANDARD = gnu11;
				GCC_DYNAMIC_NO_PIC = NO;
				GCC_NO_COMMON_BLOCKS = YES;
				GCC_OPTIMIZATION_LEVEL = 0;
				GCC_PREPROCESSOR_DEFINITIONS = (
					"DEBUG=1",
					"$(inherited)",
				);
				GCC_WARN_64_TO_32_BIT_CONVERSION = YES;
				GCC_WARN_ABOUT_RETURN_TYPE = YES_ERROR;
				GCC_WARN_UNDECLARED_SELECTOR = YES;
				GCC_WARN_UNINITIALIZED_AUTOS = YES_AGGRESSIVE;
				GCC_WARN_UNUSED_FUNCTION = YES;
				GCC_WARN_UNUSED_VARIABLE = YES;
				IPHONEOS_DEPLOYMENT_TARGET = 15.2;
				MTL_ENABLE_DEBUG_INFO = INCLUDE_SOURCE;
				MTL_FAST_MATH = YES;
				ONLY_ACTIVE_ARCH = YES;
				SDKROOT = iphoneos;
				SWIFT_ACTIVE_COMPILATION_CONDITIONS = DEBUG;
				SWIFT_OPTIMIZATION_LEVEL = "-Onone";
			};
			name = Debug;
		};
		556DEE45278B63E200CBFF5C /* Release */ = {
			isa = XCBuildConfiguration;
			buildSettings = {
				ALWAYS_SEARCH_USER_PATHS = NO;
				CLANG_ANALYZER_NONNULL = YES;
				CLANG_ANALYZER_NUMBER_OBJECT_CONVERSION = YES_AGGRESSIVE;
				CLANG_CXX_LANGUAGE_STANDARD = "gnu++17";
				CLANG_CXX_LIBRARY = "libc++";
				CLANG_ENABLE_MODULES = YES;
				CLANG_ENABLE_OBJC_ARC = YES;
				CLANG_ENABLE_OBJC_WEAK = YES;
				CLANG_WARN_BLOCK_CAPTURE_AUTORELEASING = YES;
				CLANG_WARN_BOOL_CONVERSION = YES;
				CLANG_WARN_COMMA = YES;
				CLANG_WARN_CONSTANT_CONVERSION = YES;
				CLANG_WARN_DEPRECATED_OBJC_IMPLEMENTATIONS = YES;
				CLANG_WARN_DIRECT_OBJC_ISA_USAGE = YES_ERROR;
				CLANG_WARN_DOCUMENTATION_COMMENTS = YES;
				CLANG_WARN_EMPTY_BODY = YES;
				CLANG_WARN_ENUM_CONVERSION = YES;
				CLANG_WARN_INFINITE_RECURSION = YES;
				CLANG_WARN_INT_CONVERSION = YES;
				CLANG_WARN_NON_LITERAL_NULL_CONVERSION = YES;
				CLANG_WARN_OBJC_IMPLICIT_RETAIN_SELF = YES;
				CLANG_WARN_OBJC_LITERAL_CONVERSION = YES;
				CLANG_WARN_OBJC_ROOT_CLASS = YES_ERROR;
				CLANG_WARN_QUOTED_INCLUDE_IN_FRAMEWORK_HEADER = YES;
				CLANG_WARN_RANGE_LOOP_ANALYSIS = YES;
				CLANG_WARN_STRICT_PROTOTYPES = YES;
				CLANG_WARN_SUSPICIOUS_MOVE = YES;
				CLANG_WARN_UNGUARDED_AVAILABILITY = YES_AGGRESSIVE;
				CLANG_WARN_UNREACHABLE_CODE = YES;
				CLANG_WARN__DUPLICATE_METHOD_MATCH = YES;
				COPY_PHASE_STRIP = NO;
				DEBUG_INFORMATION_FORMAT = "dwarf-with-dsym";
				ENABLE_NS_ASSERTIONS = NO;
				ENABLE_STRICT_OBJC_MSGSEND = YES;
				GCC_C_LANGUAGE_STANDARD = gnu11;
				GCC_NO_COMMON_BLOCKS = YES;
				GCC_WARN_64_TO_32_BIT_CONVERSION = YES;
				GCC_WARN_ABOUT_RETURN_TYPE = YES_ERROR;
				GCC_WARN_UNDECLARED_SELECTOR = YES;
				GCC_WARN_UNINITIALIZED_AUTOS = YES_AGGRESSIVE;
				GCC_WARN_UNUSED_FUNCTION = YES;
				GCC_WARN_UNUSED_VARIABLE = YES;
				IPHONEOS_DEPLOYMENT_TARGET = 15.2;
				MTL_ENABLE_DEBUG_INFO = NO;
				MTL_FAST_MATH = YES;
				SDKROOT = iphoneos;
				SWIFT_COMPILATION_MODE = wholemodule;
				SWIFT_OPTIMIZATION_LEVEL = "-O";
				VALIDATE_PRODUCT = YES;
			};
			name = Release;
		};
		556DEE47278B63E200CBFF5C /* Debug */ = {
			isa = XCBuildConfiguration;
			buildSettings = {
				ASSETCATALOG_COMPILER_APPICON_NAME = AppIcon;
				ASSETCATALOG_COMPILER_GLOBAL_ACCENT_COLOR_NAME = AccentColor;
				CODE_SIGN_STYLE = Automatic;
				CURRENT_PROJECT_VERSION = 1;
				DEVELOPMENT_ASSET_PATHS = "\"Charles/Preview Content\"";
				DEVELOPMENT_TEAM = GYLCJG59BK;
				ENABLE_PREVIEWS = YES;
				GENERATE_INFOPLIST_FILE = YES;
				INFOPLIST_KEY_UIApplicationSceneManifest_Generation = YES;
				INFOPLIST_KEY_UIApplicationSupportsIndirectInputEvents = YES;
				INFOPLIST_KEY_UILaunchScreen_Generation = YES;
				INFOPLIST_KEY_UISupportedInterfaceOrientations_iPad = "UIInterfaceOrientationPortrait UIInterfaceOrientationPortraitUpsideDown UIInterfaceOrientationLandscapeLeft UIInterfaceOrientationLandscapeRight";
				INFOPLIST_KEY_UISupportedInterfaceOrientations_iPhone = "UIInterfaceOrientationPortrait UIInterfaceOrientationLandscapeLeft UIInterfaceOrientationLandscapeRight";
				LD_RUNPATH_SEARCH_PATHS = (
					"$(inherited)",
					"@executable_path/Frameworks",
				);
				MARKETING_VERSION = 1.0;
				PRODUCT_BUNDLE_IDENTIFIER = brenoaquino.Charles;
				PRODUCT_NAME = "$(TARGET_NAME)";
				SWIFT_EMIT_LOC_STRINGS = YES;
				SWIFT_VERSION = 5.0;
				TARGETED_DEVICE_FAMILY = "1,2";
			};
			name = Debug;
		};
		556DEE48278B63E200CBFF5C /* Release */ = {
			isa = XCBuildConfiguration;
			buildSettings = {
				ASSETCATALOG_COMPILER_APPICON_NAME = AppIcon;
				ASSETCATALOG_COMPILER_GLOBAL_ACCENT_COLOR_NAME = AccentColor;
				CODE_SIGN_STYLE = Automatic;
				CURRENT_PROJECT_VERSION = 1;
				DEVELOPMENT_ASSET_PATHS = "\"Charles/Preview Content\"";
				DEVELOPMENT_TEAM = GYLCJG59BK;
				ENABLE_PREVIEWS = YES;
				GENERATE_INFOPLIST_FILE = YES;
				INFOPLIST_KEY_UIApplicationSceneManifest_Generation = YES;
				INFOPLIST_KEY_UIApplicationSupportsIndirectInputEvents = YES;
				INFOPLIST_KEY_UILaunchScreen_Generation = YES;
				INFOPLIST_KEY_UISupportedInterfaceOrientations_iPad = "UIInterfaceOrientationPortrait UIInterfaceOrientationPortraitUpsideDown UIInterfaceOrientationLandscapeLeft UIInterfaceOrientationLandscapeRight";
				INFOPLIST_KEY_UISupportedInterfaceOrientations_iPhone = "UIInterfaceOrientationPortrait UIInterfaceOrientationLandscapeLeft UIInterfaceOrientationLandscapeRight";
				LD_RUNPATH_SEARCH_PATHS = (
					"$(inherited)",
					"@executable_path/Frameworks",
				);
				MARKETING_VERSION = 1.0;
				PRODUCT_BUNDLE_IDENTIFIER = brenoaquino.Charles;
				PRODUCT_NAME = "$(TARGET_NAME)";
				SWIFT_EMIT_LOC_STRINGS = YES;
				SWIFT_VERSION = 5.0;
				TARGETED_DEVICE_FAMILY = "1,2";
			};
			name = Release;
		};
		556DEE4A278B63E200CBFF5C /* Debug */ = {
			isa = XCBuildConfiguration;
			buildSettings = {
				ALWAYS_EMBED_SWIFT_STANDARD_LIBRARIES = YES;
				BUNDLE_LOADER = "$(TEST_HOST)";
				CODE_SIGN_STYLE = Automatic;
				CURRENT_PROJECT_VERSION = 1;
				DEVELOPMENT_TEAM = GYLCJG59BK;
				GENERATE_INFOPLIST_FILE = YES;
				IPHONEOS_DEPLOYMENT_TARGET = 15.2;
				MARKETING_VERSION = 1.0;
				PRODUCT_BUNDLE_IDENTIFIER = brenoaquino.CharlesTests;
				PRODUCT_NAME = "$(TARGET_NAME)";
				SWIFT_EMIT_LOC_STRINGS = NO;
				SWIFT_VERSION = 5.0;
				TARGETED_DEVICE_FAMILY = "1,2";
				TEST_HOST = "$(BUILT_PRODUCTS_DIR)/Charles.app/Charles";
			};
			name = Debug;
		};
		556DEE4B278B63E200CBFF5C /* Release */ = {
			isa = XCBuildConfiguration;
			buildSettings = {
				ALWAYS_EMBED_SWIFT_STANDARD_LIBRARIES = YES;
				BUNDLE_LOADER = "$(TEST_HOST)";
				CODE_SIGN_STYLE = Automatic;
				CURRENT_PROJECT_VERSION = 1;
				DEVELOPMENT_TEAM = GYLCJG59BK;
				GENERATE_INFOPLIST_FILE = YES;
				IPHONEOS_DEPLOYMENT_TARGET = 15.2;
				MARKETING_VERSION = 1.0;
				PRODUCT_BUNDLE_IDENTIFIER = brenoaquino.CharlesTests;
				PRODUCT_NAME = "$(TARGET_NAME)";
				SWIFT_EMIT_LOC_STRINGS = NO;
				SWIFT_VERSION = 5.0;
				TARGETED_DEVICE_FAMILY = "1,2";
				TEST_HOST = "$(BUILT_PRODUCTS_DIR)/Charles.app/Charles";
			};
			name = Release;
		};
/* End XCBuildConfiguration section */

/* Begin XCConfigurationList section */
		556DEE1D278B63E100CBFF5C /* Build configuration list for PBXProject "Charles" */ = {
			isa = XCConfigurationList;
			buildConfigurations = (
				556DEE44278B63E200CBFF5C /* Debug */,
				556DEE45278B63E200CBFF5C /* Release */,
			);
			defaultConfigurationIsVisible = 0;
			defaultConfigurationName = Release;
		};
		556DEE46278B63E200CBFF5C /* Build configuration list for PBXNativeTarget "Charles" */ = {
			isa = XCConfigurationList;
			buildConfigurations = (
				556DEE47278B63E200CBFF5C /* Debug */,
				556DEE48278B63E200CBFF5C /* Release */,
			);
			defaultConfigurationIsVisible = 0;
			defaultConfigurationName = Release;
		};
		556DEE49278B63E200CBFF5C /* Build configuration list for PBXNativeTarget "CharlesTests" */ = {
			isa = XCConfigurationList;
			buildConfigurations = (
				556DEE4A278B63E200CBFF5C /* Debug */,
				556DEE4B278B63E200CBFF5C /* Release */,
			);
			defaultConfigurationIsVisible = 0;
			defaultConfigurationName = Release;
		};
/* End XCConfigurationList section */
	};
	rootObject = 556DEE1A278B63E100CBFF5C /* Project object */;
}
